
Microsoft Visual Studio Solution File, Format Version 12.00
# Visual Studio Version 17
VisualStudioVersion = 17.13.35919.96 d17.13
MinimumVisualStudioVersion = 10.0.40219.1
Project("{FAE04EC0-301F-11D3-BF4B-00C04F79EFBC}") = "SmartComply", "SmartComply.csproj", "{D2B8E03A-B482-407B-0479-B67A4ED89EE1}"
EndProject
Global
	GlobalSection(SolutionConfigurationPlatforms) = preSolution
		Debug|Any CPU = Debug|Any CPU
		Release|Any CPU = Release|Any CPU
	EndGlobalSection
	GlobalSection(ProjectConfigurationPlatforms) = postSolution
		{D2B8E03A-B482-407B-0479-B67A4ED89EE1}.Debug|Any CPU.ActiveCfg = Debug|Any CPU
		{D2B8E03A-B482-407B-0479-B67A4ED89EE1}.Debug|Any CPU.Build.0 = Debug|Any CPU
		{D2B8E03A-B482-407B-0479-B67A4ED89EE1}.Release|Any CPU.ActiveCfg = Release|Any CPU
		{D2B8E03A-B482-407B-0479-B67A4ED89EE1}.Release|Any CPU.Build.0 = Release|Any CPU
	EndGlobalSection
	GlobalSection(SolutionProperties) = preSolution
		HideSolutionNode = FALSE
	EndGlobalSection
	GlobalSection(ExtensibilityGlobals) = postSolution
		SolutionGuid = {C1E32791-6982-4A83-BAC7-3FF71E6DF398}
	EndGlobalSection
EndGlobal
